
Microsoft Visual Studio Solution File, Format Version 12.00
# Visual Studio Version 17
VisualStudioVersion = 17.14.36408.4 d17.14
MinimumVisualStudioVersion = 10.0.40219.1
Project("{FAE04EC0-301F-11D3-BF4B-00C04F79EFBC}") = "grubmod", "grubmod.csproj", "{81E3B0FC-6E4E-4D9A-84DC-9C91998B6750}"
EndProject
Global
	GlobalSection(SolutionConfigurationPlatforms) = preSolution
		Debug|Any CPU = Debug|Any CPU
		Release|Any CPU = Release|Any CPU
	EndGlobalSection
	GlobalSection(ProjectConfigurationPlatforms) = postSolution
		{81E3B0FC-6E4E-4D9A-84DC-9C91998B6750}.Debug|Any CPU.ActiveCfg = Debug|Any CPU
		{81E3B0FC-6E4E-4D9A-84DC-9C91998B6750}.Debug|Any CPU.Build.0 = Debug|Any CPU
		{81E3B0FC-6E4E-4D9A-84DC-9C91998B6750}.Release|Any CPU.ActiveCfg = Release|Any CPU
		{81E3B0FC-6E4E-4D9A-84DC-9C91998B6750}.Release|Any CPU.Build.0 = Release|Any CPU
	EndGlobalSection
	GlobalSection(SolutionProperties) = preSolution
		HideSolutionNode = FALSE
	EndGlobalSection
	GlobalSection(ExtensibilityGlobals) = postSolution
		SolutionGuid = {4465AF91-7CC4-4E03-A7D9-23184E5763EF}
	EndGlobalSection
EndGlobal
